// !$*UTF8*$!
{
	archiveVersion = 1;
	classes = {
	};
	objectVersion = 46;
	objects = {

/* Begin PBXBuildFile section */
		763CE37F901C132D886CC64E /* RNGRecognizerHandler.m in Sources */ = {isa = PBXBuildFile; fileRef = 763CE2F627B487CFD902AA62 /* RNGRecognizerHandler.m */; };
		763CE4FFBC4D2911D8391D77 /* RNGRecognizersConnector.m in Sources */ = {isa = PBXBuildFile; fileRef = 763CE4453329AE419C751EF7 /* RNGRecognizersConnector.m */; };
		763CE5FC4DC6A1CFCD848A36 /* RNGTapRecognizerHandler.m in Sources */ = {isa = PBXBuildFile; fileRef = 763CEA16674A882306F23B33 /* RNGTapRecognizerHandler.m */; };
		763CE64FBED24A28069FA950 /* RNGPanRecognizerHandler.m in Sources */ = {isa = PBXBuildFile; fileRef = 763CEE0FEFE160C72CE0566B /* RNGPanRecognizerHandler.m */; };
		763CEAD9F7BC99B3E05661FF /* RNGViewManager.m in Sources */ = {isa = PBXBuildFile; fileRef = 763CEED05BA6DA5D82D5E654 /* RNGViewManager.m */; };
		763CEFE891329645061FC1E3 /* RNGPinchRecognizerHandler.m in Sources */ = {isa = PBXBuildFile; fileRef = 763CEA8407D28D5C21452B48 /* RNGPinchRecognizerHandler.m */; };
		A7263CEA1E649F0E00C0F7B7 /* RNGSingleton.m in Sources */ = {isa = PBXBuildFile; fileRef = A7263CE91E649F0E00C0F7B7 /* RNGSingleton.m */; };
		A7263CED1E649F5C00C0F7B7 /* RNGGesturesIdsProvider.m in Sources */ = {isa = PBXBuildFile; fileRef = A7263CEC1E649F5C00C0F7B7 /* RNGGesturesIdsProvider.m */; };
		A7263CF61E65573D00C0F7B7 /* RNGView.m in Sources */ = {isa = PBXBuildFile; fileRef = A7263CF51E65573D00C0F7B7 /* RNGView.m */; };
		A7AA21671FD52F4400CC6F3B /* RNGRotationRecognizerHandler.m in Sources */ = {isa = PBXBuildFile; fileRef = A7AA21661FD52F4400CC6F3B /* RNGRotationRecognizerHandler.m */; };
		B3E7B58A1CC2AC0600A0062D /* RNGGestures.m in Sources */ = {isa = PBXBuildFile; fileRef = B3E7B5891CC2AC0600A0062D /* RNGGestures.m */; };
/* End PBXBuildFile section */

/* Begin PBXCopyFilesBuildPhase section */
		58B511D91A9E6C8500147676 /* CopyFiles */ = {
			isa = PBXCopyFilesBuildPhase;
			buildActionMask = 2147483647;
			dstPath = "include/$(PRODUCT_NAME)";
			dstSubfolderSpec = 16;
			files = (
			);
			runOnlyForDeploymentPostprocessing = 0;
		};
/* End PBXCopyFilesBuildPhase section */

/* Begin PBXFileReference section */
		134814201AA4EA6300B7C361 /* libRNGGestures.a */ = {isa = PBXFileReference; explicitFileType = archive.ar; includeInIndex = 0; path = libRNGGestures.a; sourceTree = BUILT_PRODUCTS_DIR; };
		763CE0ED58E924489E4BF9C3 /* RNGRecognizersConnector.h */ = {isa = PBXFileReference; fileEncoding = 4; lastKnownFileType = sourcecode.c.h; path = RNGRecognizersConnector.h; sourceTree = "<group>"; };
		763CE2F627B487CFD902AA62 /* RNGRecognizerHandler.m */ = {isa = PBXFileReference; fileEncoding = 4; lastKnownFileType = sourcecode.c.objc; path = RNGRecognizerHandler.m; sourceTree = "<group>"; };
		763CE4453329AE419C751EF7 /* RNGRecognizersConnector.m */ = {isa = PBXFileReference; fileEncoding = 4; lastKnownFileType = sourcecode.c.objc; path = RNGRecognizersConnector.m; sourceTree = "<group>"; };
		763CE78D3F5447CFB8117F9B /* RNGPinchRecognizerHandler.h */ = {isa = PBXFileReference; fileEncoding = 4; lastKnownFileType = sourcecode.c.h; path = RNGPinchRecognizerHandler.h; sourceTree = "<group>"; };
		763CE85B7E7B20EDAA965095 /* RNGTapRecognizerHandler.h */ = {isa = PBXFileReference; fileEncoding = 4; lastKnownFileType = sourcecode.c.h; path = RNGTapRecognizerHandler.h; sourceTree = "<group>"; };
		763CEA16674A882306F23B33 /* RNGTapRecognizerHandler.m */ = {isa = PBXFileReference; fileEncoding = 4; lastKnownFileType = sourcecode.c.objc; path = RNGTapRecognizerHandler.m; sourceTree = "<group>"; };
		763CEA75A5F1F20317874BC1 /* RNGRecognizerHandler.h */ = {isa = PBXFileReference; fileEncoding = 4; lastKnownFileType = sourcecode.c.h; path = RNGRecognizerHandler.h; sourceTree = "<group>"; };
		763CEA8407D28D5C21452B48 /* RNGPinchRecognizerHandler.m */ = {isa = PBXFileReference; fileEncoding = 4; lastKnownFileType = sourcecode.c.objc; path = RNGPinchRecognizerHandler.m; sourceTree = "<group>"; };
		763CEB02B53AD69A1D525B57 /* RNGPanRecognizerHandler.h */ = {isa = PBXFileReference; fileEncoding = 4; lastKnownFileType = sourcecode.c.h; path = RNGPanRecognizerHandler.h; sourceTree = "<group>"; };
		763CEE0FEFE160C72CE0566B /* RNGPanRecognizerHandler.m */ = {isa = PBXFileReference; fileEncoding = 4; lastKnownFileType = sourcecode.c.objc; path = RNGPanRecognizerHandler.m; sourceTree = "<group>"; };
		763CEED05BA6DA5D82D5E654 /* RNGViewManager.m */ = {isa = PBXFileReference; fileEncoding = 4; lastKnownFileType = sourcecode.c.objc; path = RNGViewManager.m; sourceTree = "<group>"; };
		A7263CE81E649F0E00C0F7B7 /* RNGSingleton.h */ = {isa = PBXFileReference; fileEncoding = 4; lastKnownFileType = sourcecode.c.h; path = RNGSingleton.h; sourceTree = "<group>"; };
		A7263CE91E649F0E00C0F7B7 /* RNGSingleton.m */ = {isa = PBXFileReference; fileEncoding = 4; lastKnownFileType = sourcecode.c.objc; path = RNGSingleton.m; sourceTree = "<group>"; };
		A7263CEB1E649F5C00C0F7B7 /* RNGGesturesIdsProvider.h */ = {isa = PBXFileReference; fileEncoding = 4; lastKnownFileType = sourcecode.c.h; path = RNGGesturesIdsProvider.h; sourceTree = "<group>"; };
		A7263CEC1E649F5C00C0F7B7 /* RNGGesturesIdsProvider.m */ = {isa = PBXFileReference; fileEncoding = 4; lastKnownFileType = sourcecode.c.objc; path = RNGGesturesIdsProvider.m; sourceTree = "<group>"; };
		A7263CF41E65573D00C0F7B7 /* RNGView.h */ = {isa = PBXFileReference; fileEncoding = 4; lastKnownFileType = sourcecode.c.h; path = RNGView.h; sourceTree = "<group>"; };
		A7263CF51E65573D00C0F7B7 /* RNGView.m */ = {isa = PBXFileReference; fileEncoding = 4; lastKnownFileType = sourcecode.c.objc; path = RNGView.m; sourceTree = "<group>"; };
		A7AA21651FD52F4400CC6F3B /* RNGRotationRecognizerHandler.h */ = {isa = PBXFileReference; lastKnownFileType = sourcecode.c.h; path = RNGRotationRecognizerHandler.h; sourceTree = "<group>"; };
		A7AA21661FD52F4400CC6F3B /* RNGRotationRecognizerHandler.m */ = {isa = PBXFileReference; lastKnownFileType = sourcecode.c.objc; path = RNGRotationRecognizerHandler.m; sourceTree = "<group>"; };
		B3E7B5881CC2AC0600A0062D /* RNGGestures.h */ = {isa = PBXFileReference; fileEncoding = 4; lastKnownFileType = sourcecode.c.h; path = RNGGestures.h; sourceTree = "<group>"; };
		B3E7B5891CC2AC0600A0062D /* RNGGestures.m */ = {isa = PBXFileReference; fileEncoding = 4; lastKnownFileType = sourcecode.c.objc; path = RNGGestures.m; sourceTree = "<group>"; };
/* End PBXFileReference section */

/* Begin PBXFrameworksBuildPhase section */
		58B511D81A9E6C8500147676 /* Frameworks */ = {
			isa = PBXFrameworksBuildPhase;
			buildActionMask = 2147483647;
			files = (
			);
			runOnlyForDeploymentPostprocessing = 0;
		};
/* End PBXFrameworksBuildPhase section */

/* Begin PBXGroup section */
		134814211AA4EA7D00B7C361 /* Products */ = {
			isa = PBXGroup;
			children = (
				134814201AA4EA6300B7C361 /* libRNGGestures.a */,
			);
			name = Products;
			sourceTree = "<group>";
		};
		58B511D21A9E6C8500147676 = {
			isa = PBXGroup;
			children = (
				134814211AA4EA7D00B7C361 /* Products */,
				B3E7B5881CC2AC0600A0062D /* RNGGestures.h */,
				B3E7B5891CC2AC0600A0062D /* RNGGestures.m */,
				A7263CF41E65573D00C0F7B7 /* RNGView.h */,
				A7263CF51E65573D00C0F7B7 /* RNGView.m */,
				A7263CE81E649F0E00C0F7B7 /* RNGSingleton.h */,
				A7263CE91E649F0E00C0F7B7 /* RNGSingleton.m */,
				A7263CEB1E649F5C00C0F7B7 /* RNGGesturesIdsProvider.h */,
				A7263CEC1E649F5C00C0F7B7 /* RNGGesturesIdsProvider.m */,
				763CEED05BA6DA5D82D5E654 /* RNGViewManager.m */,
				763CE4453329AE419C751EF7 /* RNGRecognizersConnector.m */,
				763CE0ED58E924489E4BF9C3 /* RNGRecognizersConnector.h */,
				763CEB9725B7B13BB6403C6E /* RecognizerHandlers */,
			);
			sourceTree = "<group>";
		};
		763CEB9725B7B13BB6403C6E /* RecognizerHandlers */ = {
			isa = PBXGroup;
			children = (
				763CEA16674A882306F23B33 /* RNGTapRecognizerHandler.m */,
				763CE85B7E7B20EDAA965095 /* RNGTapRecognizerHandler.h */,
				763CEE0FEFE160C72CE0566B /* RNGPanRecognizerHandler.m */,
				763CEB02B53AD69A1D525B57 /* RNGPanRecognizerHandler.h */,
				763CEA8407D28D5C21452B48 /* RNGPinchRecognizerHandler.m */,
				763CE78D3F5447CFB8117F9B /* RNGPinchRecognizerHandler.h */,
				A7AA21651FD52F4400CC6F3B /* RNGRotationRecognizerHandler.h */,
				A7AA21661FD52F4400CC6F3B /* RNGRotationRecognizerHandler.m */,
				763CE2F627B487CFD902AA62 /* RNGRecognizerHandler.m */,
				763CEA75A5F1F20317874BC1 /* RNGRecognizerHandler.h */,
			);
			path = RecognizerHandlers;
			sourceTree = "<group>";
		};
/* End PBXGroup section */

/* Begin PBXNativeTarget section */
		58B511DA1A9E6C8500147676 /* RNGGestures */ = {
			isa = PBXNativeTarget;
			buildConfigurationList = 58B511EF1A9E6C8500147676 /* Build configuration list for PBXNativeTarget "RNGGestures" */;
			buildPhases = (
				58B511D71A9E6C8500147676 /* Sources */,
				58B511D81A9E6C8500147676 /* Frameworks */,
				58B511D91A9E6C8500147676 /* CopyFiles */,
			);
			buildRules = (
			);
			dependencies = (
			);
			name = RNGGestures;
			productName = RCTDataManager;
			productReference = 134814201AA4EA6300B7C361 /* libRNGGestures.a */;
			productType = "com.apple.product-type.library.static";
		};
/* End PBXNativeTarget section */

/* Begin PBXProject section */
		58B511D31A9E6C8500147676 /* Project object */ = {
			isa = PBXProject;
			attributes = {
				LastUpgradeCheck = 0920;
				ORGANIZATIONNAME = Facebook;
				TargetAttributes = {
					58B511DA1A9E6C8500147676 = {
						CreatedOnToolsVersion = 6.1.1;
					};
				};
			};
			buildConfigurationList = 58B511D61A9E6C8500147676 /* Build configuration list for PBXProject "RNGGestures" */;
			compatibilityVersion = "Xcode 3.2";
			developmentRegion = English;
			hasScannedForEncodings = 0;
			knownRegions = (
				en,
			);
			mainGroup = 58B511D21A9E6C8500147676;
			productRefGroup = 58B511D21A9E6C8500147676;
			projectDirPath = "";
			projectRoot = "";
			targets = (
				58B511DA1A9E6C8500147676 /* RNGGestures */,
			);
		};
/* End PBXProject section */

/* Begin PBXSourcesBuildPhase section */
		58B511D71A9E6C8500147676 /* Sources */ = {
			isa = PBXSourcesBuildPhase;
			buildActionMask = 2147483647;
			files = (
				A7263CF61E65573D00C0F7B7 /* RNGView.m in Sources */,
				B3E7B58A1CC2AC0600A0062D /* RNGGestures.m in Sources */,
				A7263CED1E649F5C00C0F7B7 /* RNGGesturesIdsProvider.m in Sources */,
				A7263CEA1E649F0E00C0F7B7 /* RNGSingleton.m in Sources */,
				763CEAD9F7BC99B3E05661FF /* RNGViewManager.m in Sources */,
				A7AA21671FD52F4400CC6F3B /* RNGRotationRecognizerHandler.m in Sources */,
				763CE4FFBC4D2911D8391D77 /* RNGRecognizersConnector.m in Sources */,
				763CE5FC4DC6A1CFCD848A36 /* RNGTapRecognizerHandler.m in Sources */,
				763CE64FBED24A28069FA950 /* RNGPanRecognizerHandler.m in Sources */,
				763CEFE891329645061FC1E3 /* RNGPinchRecognizerHandler.m in Sources */,
				763CE37F901C132D886CC64E /* RNGRecognizerHandler.m in Sources */,
			);
			runOnlyForDeploymentPostprocessing = 0;
		};
/* End PBXSourcesBuildPhase section */

/* Begin XCBuildConfiguration section */
		58B511ED1A9E6C8500147676 /* Debug */ = {
			isa = XCBuildConfiguration;
			buildSettings = {
				ALWAYS_SEARCH_USER_PATHS = NO;
				CLANG_CXX_LANGUAGE_STANDARD = "gnu++0x";
				CLANG_CXX_LIBRARY = "libc++";
				CLANG_ENABLE_MODULES = YES;
				CLANG_ENABLE_OBJC_ARC = YES;
				CLANG_WARN_BLOCK_CAPTURE_AUTORELEASING = YES;
				CLANG_WARN_BOOL_CONVERSION = YES;
				CLANG_WARN_COMMA = YES;
				CLANG_WARN_CONSTANT_CONVERSION = YES;
				CLANG_WARN_DIRECT_OBJC_ISA_USAGE = YES_ERROR;
				CLANG_WARN_EMPTY_BODY = YES;
				CLANG_WARN_ENUM_CONVERSION = YES;
				CLANG_WARN_INFINITE_RECURSION = YES;
				CLANG_WARN_INT_CONVERSION = YES;
				CLANG_WARN_NON_LITERAL_NULL_CONVERSION = YES;
				CLANG_WARN_OBJC_LITERAL_CONVERSION = YES;
				CLANG_WARN_OBJC_ROOT_CLASS = YES_ERROR;
				CLANG_WARN_RANGE_LOOP_ANALYSIS = YES;
				CLANG_WARN_STRICT_PROTOTYPES = YES;
				CLANG_WARN_SUSPICIOUS_MOVE = YES;
				CLANG_WARN_UNREACHABLE_CODE = YES;
				CLANG_WARN__DUPLICATE_METHOD_MATCH = YES;
				COPY_PHASE_STRIP = NO;
				ENABLE_STRICT_OBJC_MSGSEND = YES;
				ENABLE_TESTABILITY = YES;
				GCC_C_LANGUAGE_STANDARD = gnu99;
				GCC_DYNAMIC_NO_PIC = NO;
				GCC_NO_COMMON_BLOCKS = YES;
				GCC_OPTIMIZATION_LEVEL = 0;
				GCC_PREPROCESSOR_DEFINITIONS = (
					"DEBUG=1",
					"$(inherited)",
				);
				GCC_SYMBOLS_PRIVATE_EXTERN = NO;
				GCC_WARN_64_TO_32_BIT_CONVERSION = YES;
				GCC_WARN_ABOUT_RETURN_TYPE = YES_ERROR;
				GCC_WARN_UNDECLARED_SELECTOR = YES;
				GCC_WARN_UNINITIALIZED_AUTOS = YES_AGGRESSIVE;
				GCC_WARN_UNUSED_FUNCTION = YES;
				GCC_WARN_UNUSED_VARIABLE = YES;
				IPHONEOS_DEPLOYMENT_TARGET = 8.0;
				MTL_ENABLE_DEBUG_INFO = YES;
				ONLY_ACTIVE_ARCH = YES;
				SDKROOT = iphoneos;
			};
			name = Debug;
		};
		58B511EE1A9E6C8500147676 /* Release */ = {
			isa = XCBuildConfiguration;
			buildSettings = {
				ALWAYS_SEARCH_USER_PATHS = NO;
				CLANG_CXX_LANGUAGE_STANDARD = "gnu++0x";
				CLANG_CXX_LIBRARY = "libc++";
				CLANG_ENABLE_MODULES = YES;
				CLANG_ENABLE_OBJC_ARC = YES;
				CLANG_WARN_BLOCK_CAPTURE_AUTORELEASING = YES;
				CLANG_WARN_BOOL_CONVERSION = YES;
				CLANG_WARN_COMMA = YES;
				CLANG_WARN_CONSTANT_CONVERSION = YES;
				CLANG_WARN_DIRECT_OBJC_ISA_USAGE = YES_ERROR;
				CLANG_WARN_EMPTY_BODY = YES;
				CLANG_WARN_ENUM_CONVERSION = YES;
				CLANG_WARN_INFINITE_RECURSION = YES;
				CLANG_WARN_INT_CONVERSION = YES;
				CLANG_WARN_NON_LITERAL_NULL_CONVERSION = YES;
				CLANG_WARN_OBJC_LITERAL_CONVERSION = YES;
				CLANG_WARN_OBJC_ROOT_CLASS = YES_ERROR;
				CLANG_WARN_RANGE_LOOP_ANALYSIS = YES;
				CLANG_WARN_STRICT_PROTOTYPES = YES;
				CLANG_WARN_SUSPICIOUS_MOVE = YES;
				CLANG_WARN_UNREACHABLE_CODE = YES;
				CLANG_WARN__DUPLICATE_METHOD_MATCH = YES;
				COPY_PHASE_STRIP = YES;
				ENABLE_NS_ASSERTIONS = NO;
				ENABLE_STRICT_OBJC_MSGSEND = YES;
				GCC_C_LANGUAGE_STANDARD = gnu99;
				GCC_NO_COMMON_BLOCKS = YES;
				GCC_WARN_64_TO_32_BIT_CONVERSION = YES;
				GCC_WARN_ABOUT_RETURN_TYPE = YES_ERROR;
				GCC_WARN_UNDECLARED_SELECTOR = YES;
				GCC_WARN_UNINITIALIZED_AUTOS = YES_AGGRESSIVE;
				GCC_WARN_UNUSED_FUNCTION = YES;
				GCC_WARN_UNUSED_VARIABLE = YES;
				IPHONEOS_DEPLOYMENT_TARGET = 8.0;
				MTL_ENABLE_DEBUG_INFO = NO;
				SDKROOT = iphoneos;
				VALIDATE_PRODUCT = YES;
			};
			name = Release;
		};
		58B511F01A9E6C8500147676 /* Debug */ = {
			isa = XCBuildConfiguration;
			buildSettings = {
				HEADER_SEARCH_PATHS = (
					"$(inherited)",
					/Applications/Xcode.app/Contents/Developer/Toolchains/XcodeDefault.xctoolchain/usr/include,
					"$(SRCROOT)/../../../React/**",
					"$(SRCROOT)/../../react-native/React/**",
				);
				LIBRARY_SEARCH_PATHS = "$(inherited)";
				OTHER_LDFLAGS = "-ObjC";
				PRODUCT_NAME = RNGGestures;
				SKIP_INSTALL = YES;
			};
			name = Debug;
		};
		58B511F11A9E6C8500147676 /* Release */ = {
			isa = XCBuildConfiguration;
			buildSettings = {
				HEADER_SEARCH_PATHS = (
					"$(inherited)",
					/Applications/Xcode.app/Contents/Developer/Toolchains/XcodeDefault.xctoolchain/usr/include,
					"$(SRCROOT)/../../../React/**",
					"$(SRCROOT)/../../react-native/React/**",
				);
				LIBRARY_SEARCH_PATHS = "$(inherited)";
				OTHER_LDFLAGS = "-ObjC";
				PRODUCT_NAME = RNGGestures;
				SKIP_INSTALL = YES;
			};
			name = Release;
		};
/* End XCBuildConfiguration section */

/* Begin XCConfigurationList section */
		58B511D61A9E6C8500147676 /* Build configuration list for PBXProject "RNGGestures" */ = {
			isa = XCConfigurationList;
			buildConfigurations = (
				58B511ED1A9E6C8500147676 /* Debug */,
				58B511EE1A9E6C8500147676 /* Release */,
			);
			defaultConfigurationIsVisible = 0;
			defaultConfigurationName = Release;
		};
		58B511EF1A9E6C8500147676 /* Build configuration list for PBXNativeTarget "RNGGestures" */ = {
			isa = XCConfigurationList;
			buildConfigurations = (
				58B511F01A9E6C8500147676 /* Debug */,
				58B511F11A9E6C8500147676 /* Release */,
			);
			defaultConfigurationIsVisible = 0;
			defaultConfigurationName = Release;
		};
/* End XCConfigurationList section */
	};
	rootObject = 58B511D31A9E6C8500147676 /* Project object */;
}
